
Microsoft Visual Studio Solution File, Format Version 12.00
# Visual Studio Version 16
VisualStudioVersion = 16.0.33529.622
MinimumVisualStudioVersion = 10.0.40219.1
Project("{FAE04EC0-301F-11D3-BF4B-00C04F79EFBC}") = "DogApi", "DogApi\DogApi.csproj", "{72216922-FA5E-4E67-8303-EC4766861BB8}"
EndProject
Global
	GlobalSection(SolutionConfigurationPlatforms) = preSolution
		Debug|Any CPU = Debug|Any CPU
		Release|Any CPU = Release|Any CPU
	EndGlobalSection
	GlobalSection(ProjectConfigurationPlatforms) = postSolution
		{72216922-FA5E-4E67-8303-EC4766861BB8}.Debug|Any CPU.ActiveCfg = Debug|Any CPU
		{72216922-FA5E-4E67-8303-EC4766861BB8}.Debug|Any CPU.Build.0 = Debug|Any CPU
		{72216922-FA5E-4E67-8303-EC4766861BB8}.Release|Any CPU.ActiveCfg = Release|Any CPU
		{72216922-FA5E-4E67-8303-EC4766861BB8}.Release|Any CPU.Build.0 = Release|Any CPU
	EndGlobalSection
	GlobalSection(SolutionProperties) = preSolution
		HideSolutionNode = FALSE
	EndGlobalSection
	GlobalSection(ExtensibilityGlobals) = postSolution
		SolutionGuid = {1DB2BB05-3DFD-4EF6-AB85-5CA463F64C43}
	EndGlobalSection
EndGlobal
